
Microsoft Visual Studio Solution File, Format Version 12.00
# Visual Studio Version 17
VisualStudioVersion = 17.13.35919.96
MinimumVisualStudioVersion = 10.0.40219.1
Project("{FAE04EC0-301F-11D3-BF4B-00C04F79EFBC}") = "SteelSeriesCompanionAndroid2", "SteelSeriesCompanionAndroid2\SteelSeriesCompanionAndroid2.csproj", "{D5F62614-5AA5-4193-AEFA-3D9230386555}"
EndProject
Project("{FAE04EC0-301F-11D3-BF4B-00C04F79EFBC}") = "SteelSeriesCompanionSharedCore", "SteelSeriesCompanionSharedCore\SteelSeriesCompanionSharedCore.csproj", "{8A3F46BB-E4D4-4470-AAF0-BF80F97BFAF1}"
EndProject
Project("{FAE04EC0-301F-11D3-BF4B-00C04F79EFBC}") = "SteelSeriesCompanionCoreApp", "SteelSeriesCompanionCoreApp\SteelSeriesCompanionCoreApp.csproj", "{F26E295E-5C66-4B5D-8D62-E5B4425B0242}"
EndProject
Project("{FAE04EC0-301F-11D3-BF4B-00C04F79EFBC}") = "ExternalCommunicationShared", "ExternalCommunicationShared\ExternalCommunicationShared.csproj", "{0FD96677-9071-C82F-7210-704AF9D66460}"
EndProject
Project("{FAE04EC0-301F-11D3-BF4B-00C04F79EFBC}") = "SteelSeriesCompanionUIExtension", "SteelSeriesCompanionUIExtension\SteelSeriesCompanionUIExtension.csproj", "{9BF0A323-1545-4E88-B618-F6D14A02C408}"
EndProject
Project("{FAE04EC0-301F-11D3-BF4B-00C04F79EFBC}") = "SteelSeriesCompanionSharedExtensionCore", "SteelSeriesCompanionSharedExtensionCore\SteelSeriesCompanionSharedExtensionCore.csproj", "{6BCF600B-79B2-4069-98D0-764D049C3B6D}"
EndProject
Project("{FAE04EC0-301F-11D3-BF4B-00C04F79EFBC}") = "SteelSeriesCompanionExternalCommunicationExtension", "SteelSeriesCompanionExternalCommunicationExtension\SteelSeriesCompanionExternalCommunicationExtension.csproj", "{0A56B9D2-F462-4A49-89D4-EDFC79BA45A5}"
EndProject
Project("{FAE04EC0-301F-11D3-BF4B-00C04F79EFBC}") = "SteelSeriesCompanionHardwareExtension", "SteelSeriesCompanionHardwareExtension\SteelSeriesCompanionHardwareExtension.csproj", "{931DB116-7D6B-4308-8CB5-DE9E662BD4E3}"
EndProject
Global
	GlobalSection(SolutionConfigurationPlatforms) = preSolution
		Debug|Any CPU = Debug|Any CPU
		Release|Any CPU = Release|Any CPU
	EndGlobalSection
	GlobalSection(ProjectConfigurationPlatforms) = postSolution
		{D5F62614-5AA5-4193-AEFA-3D9230386555}.Debug|Any CPU.ActiveCfg = Debug|Any CPU
		{D5F62614-5AA5-4193-AEFA-3D9230386555}.Debug|Any CPU.Build.0 = Debug|Any CPU
		{D5F62614-5AA5-4193-AEFA-3D9230386555}.Debug|Any CPU.Deploy.0 = Debug|Any CPU
		{D5F62614-5AA5-4193-AEFA-3D9230386555}.Release|Any CPU.ActiveCfg = Release|Any CPU
		{D5F62614-5AA5-4193-AEFA-3D9230386555}.Release|Any CPU.Build.0 = Release|Any CPU
		{8A3F46BB-E4D4-4470-AAF0-BF80F97BFAF1}.Debug|Any CPU.ActiveCfg = Debug|Any CPU
		{8A3F46BB-E4D4-4470-AAF0-BF80F97BFAF1}.Debug|Any CPU.Build.0 = Debug|Any CPU
		{8A3F46BB-E4D4-4470-AAF0-BF80F97BFAF1}.Release|Any CPU.ActiveCfg = Release|Any CPU
		{8A3F46BB-E4D4-4470-AAF0-BF80F97BFAF1}.Release|Any CPU.Build.0 = Release|Any CPU
		{F26E295E-5C66-4B5D-8D62-E5B4425B0242}.Debug|Any CPU.ActiveCfg = Debug|Any CPU
		{F26E295E-5C66-4B5D-8D62-E5B4425B0242}.Debug|Any CPU.Build.0 = Debug|Any CPU
		{F26E295E-5C66-4B5D-8D62-E5B4425B0242}.Release|Any CPU.ActiveCfg = Release|Any CPU
		{F26E295E-5C66-4B5D-8D62-E5B4425B0242}.Release|Any CPU.Build.0 = Release|Any CPU
		{0FD96677-9071-C82F-7210-704AF9D66460}.Debug|Any CPU.ActiveCfg = Debug|Any CPU
		{0FD96677-9071-C82F-7210-704AF9D66460}.Debug|Any CPU.Build.0 = Debug|Any CPU
		{0FD96677-9071-C82F-7210-704AF9D66460}.Release|Any CPU.ActiveCfg = Release|Any CPU
		{0FD96677-9071-C82F-7210-704AF9D66460}.Release|Any CPU.Build.0 = Release|Any CPU
		{9BF0A323-1545-4E88-B618-F6D14A02C408}.Debug|Any CPU.ActiveCfg = Debug|Any CPU
		{9BF0A323-1545-4E88-B618-F6D14A02C408}.Debug|Any CPU.Build.0 = Debug|Any CPU
		{9BF0A323-1545-4E88-B618-F6D14A02C408}.Release|Any CPU.ActiveCfg = Release|Any CPU
		{9BF0A323-1545-4E88-B618-F6D14A02C408}.Release|Any CPU.Build.0 = Release|Any CPU
		{6BCF600B-79B2-4069-98D0-764D049C3B6D}.Debug|Any CPU.ActiveCfg = Debug|Any CPU
		{6BCF600B-79B2-4069-98D0-764D049C3B6D}.Debug|Any CPU.Build.0 = Debug|Any CPU
		{6BCF600B-79B2-4069-98D0-764D049C3B6D}.Release|Any CPU.ActiveCfg = Release|Any CPU
		{6BCF600B-79B2-4069-98D0-764D049C3B6D}.Release|Any CPU.Build.0 = Release|Any CPU
		{0A56B9D2-F462-4A49-89D4-EDFC79BA45A5}.Debug|Any CPU.ActiveCfg = Debug|Any CPU
		{0A56B9D2-F462-4A49-89D4-EDFC79BA45A5}.Debug|Any CPU.Build.0 = Debug|Any CPU
		{0A56B9D2-F462-4A49-89D4-EDFC79BA45A5}.Release|Any CPU.ActiveCfg = Release|Any CPU
		{0A56B9D2-F462-4A49-89D4-EDFC79BA45A5}.Release|Any CPU.Build.0 = Release|Any CPU
		{931DB116-7D6B-4308-8CB5-DE9E662BD4E3}.Debug|Any CPU.ActiveCfg = Debug|Any CPU
		{931DB116-7D6B-4308-8CB5-DE9E662BD4E3}.Debug|Any CPU.Build.0 = Debug|Any CPU
		{931DB116-7D6B-4308-8CB5-DE9E662BD4E3}.Release|Any CPU.ActiveCfg = Release|Any CPU
		{931DB116-7D6B-4308-8CB5-DE9E662BD4E3}.Release|Any CPU.Build.0 = Release|Any CPU
	EndGlobalSection
	GlobalSection(SolutionProperties) = preSolution
		HideSolutionNode = FALSE
	EndGlobalSection
	GlobalSection(ExtensibilityGlobals) = postSolution
		SolutionGuid = {4DAEF44D-651C-47BB-89C0-E48995E60844}
	EndGlobalSection
EndGlobal
